
Microsoft Visual Studio Solution File, Format Version 12.00
# Visual Studio Version 16
VisualStudioVersion = 16.0.30011.22
MinimumVisualStudioVersion = 10.0.40219.1
Project("{FAE04EC0-301F-11D3-BF4B-00C04F79EFBC}") = "appInventario", "appInventario\appInventario.csproj", "{316EFBF0-BF52-401D-AC81-136E23CAD8A6}"
EndProject
Global
	GlobalSection(SolutionConfigurationPlatforms) = preSolution
		Debug|Any CPU = Debug|Any CPU
		Release|Any CPU = Release|Any CPU
	EndGlobalSection
	GlobalSection(ProjectConfigurationPlatforms) = postSolution
		{316EFBF0-BF52-401D-AC81-136E23CAD8A6}.Debug|Any CPU.ActiveCfg = Debug|Any CPU
		{316EFBF0-BF52-401D-AC81-136E23CAD8A6}.Debug|Any CPU.Build.0 = Debug|Any CPU
		{316EFBF0-BF52-401D-AC81-136E23CAD8A6}.Release|Any CPU.ActiveCfg = Release|Any CPU
		{316EFBF0-BF52-401D-AC81-136E23CAD8A6}.Release|Any CPU.Build.0 = Release|Any CPU
	EndGlobalSection
	GlobalSection(SolutionProperties) = preSolution
		HideSolutionNode = FALSE
	EndGlobalSection
	GlobalSection(ExtensibilityGlobals) = postSolution
		SolutionGuid = {6035ACF6-24F6-4647-87D0-FD6A03C0F839}
	EndGlobalSection
EndGlobal
